
Microsoft Visual Studio Solution File, Format Version 12.00
# Visual Studio Version 17
VisualStudioVersion = 17.7.34221.43
MinimumVisualStudioVersion = 10.0.40219.1
Project("{FAE04EC0-301F-11D3-BF4B-00C04F79EFBC}") = "rewrite2", "rewrite2.csproj", "{AEA6EDE9-6DFD-4AD7-9BEB-5F193062D2E4}"
EndProject
Global
	GlobalSection(SolutionConfigurationPlatforms) = preSolution
		Debug|Any CPU = Debug|Any CPU
		Release|Any CPU = Release|Any CPU
	EndGlobalSection
	GlobalSection(ProjectConfigurationPlatforms) = postSolution
		{AEA6EDE9-6DFD-4AD7-9BEB-5F193062D2E4}.Debug|Any CPU.ActiveCfg = Debug|Any CPU
		{AEA6EDE9-6DFD-4AD7-9BEB-5F193062D2E4}.Debug|Any CPU.Build.0 = Debug|Any CPU
		{AEA6EDE9-6DFD-4AD7-9BEB-5F193062D2E4}.Release|Any CPU.ActiveCfg = Release|Any CPU
		{AEA6EDE9-6DFD-4AD7-9BEB-5F193062D2E4}.Release|Any CPU.Build.0 = Release|Any CPU
	EndGlobalSection
	GlobalSection(SolutionProperties) = preSolution
		HideSolutionNode = FALSE
	EndGlobalSection
	GlobalSection(ExtensibilityGlobals) = postSolution
		SolutionGuid = {6AA78094-2F61-4981-AAE2-525A20522C09}
	EndGlobalSection
EndGlobal
