
Microsoft Visual Studio Solution File, Format Version 12.00
# Visual Studio Version 17
VisualStudioVersion = 17.7.34221.43
MinimumVisualStudioVersion = 10.0.40219.1
Project("{FAE04EC0-301F-11D3-BF4B-00C04F79EFBC}") = "FindError5", "FindError5.csproj", "{7AC43C7A-15DB-4AD1-8F42-4D78EF058D9C}"
EndProject
Global
	GlobalSection(SolutionConfigurationPlatforms) = preSolution
		Debug|Any CPU = Debug|Any CPU
		Release|Any CPU = Release|Any CPU
	EndGlobalSection
	GlobalSection(ProjectConfigurationPlatforms) = postSolution
		{7AC43C7A-15DB-4AD1-8F42-4D78EF058D9C}.Debug|Any CPU.ActiveCfg = Debug|Any CPU
		{7AC43C7A-15DB-4AD1-8F42-4D78EF058D9C}.Debug|Any CPU.Build.0 = Debug|Any CPU
		{7AC43C7A-15DB-4AD1-8F42-4D78EF058D9C}.Release|Any CPU.ActiveCfg = Release|Any CPU
		{7AC43C7A-15DB-4AD1-8F42-4D78EF058D9C}.Release|Any CPU.Build.0 = Release|Any CPU
	EndGlobalSection
	GlobalSection(SolutionProperties) = preSolution
		HideSolutionNode = FALSE
	EndGlobalSection
	GlobalSection(ExtensibilityGlobals) = postSolution
		SolutionGuid = {C07485ED-CAAF-4493-9395-49DDF9B3B805}
	EndGlobalSection
EndGlobal
