
Microsoft Visual Studio Solution File, Format Version 12.00
# Visual Studio Version 17
VisualStudioVersion = 17.7.34221.43
MinimumVisualStudioVersion = 10.0.40219.1
Project("{FAE04EC0-301F-11D3-BF4B-00C04F79EFBC}") = "repetition2", "repetition2.csproj", "{C9A4BA4A-01E7-449E-B5E5-BC5E65E05958}"
EndProject
Global
	GlobalSection(SolutionConfigurationPlatforms) = preSolution
		Debug|Any CPU = Debug|Any CPU
		Release|Any CPU = Release|Any CPU
	EndGlobalSection
	GlobalSection(ProjectConfigurationPlatforms) = postSolution
		{C9A4BA4A-01E7-449E-B5E5-BC5E65E05958}.Debug|Any CPU.ActiveCfg = Debug|Any CPU
		{C9A4BA4A-01E7-449E-B5E5-BC5E65E05958}.Debug|Any CPU.Build.0 = Debug|Any CPU
		{C9A4BA4A-01E7-449E-B5E5-BC5E65E05958}.Release|Any CPU.ActiveCfg = Release|Any CPU
		{C9A4BA4A-01E7-449E-B5E5-BC5E65E05958}.Release|Any CPU.Build.0 = Release|Any CPU
	EndGlobalSection
	GlobalSection(SolutionProperties) = preSolution
		HideSolutionNode = FALSE
	EndGlobalSection
	GlobalSection(ExtensibilityGlobals) = postSolution
		SolutionGuid = {9F9D90CB-B61A-4BF8-962D-397C769F8877}
	EndGlobalSection
EndGlobal
