
Microsoft Visual Studio Solution File, Format Version 12.00
# Visual Studio Version 17
VisualStudioVersion = 17.7.34221.43
MinimumVisualStudioVersion = 10.0.40219.1
Project("{FAE04EC0-301F-11D3-BF4B-00C04F79EFBC}") = "SimpleReactionMachine", "SimpleReactionMachine.csproj", "{EFA14CDC-C19E-4B4A-B8F3-FF4F75B20BBE}"
EndProject
Global
	GlobalSection(SolutionConfigurationPlatforms) = preSolution
		Debug|Any CPU = Debug|Any CPU
		Release|Any CPU = Release|Any CPU
	EndGlobalSection
	GlobalSection(ProjectConfigurationPlatforms) = postSolution
		{EFA14CDC-C19E-4B4A-B8F3-FF4F75B20BBE}.Debug|Any CPU.ActiveCfg = Debug|Any CPU
		{EFA14CDC-C19E-4B4A-B8F3-FF4F75B20BBE}.Debug|Any CPU.Build.0 = Debug|Any CPU
		{EFA14CDC-C19E-4B4A-B8F3-FF4F75B20BBE}.Release|Any CPU.ActiveCfg = Release|Any CPU
		{EFA14CDC-C19E-4B4A-B8F3-FF4F75B20BBE}.Release|Any CPU.Build.0 = Release|Any CPU
	EndGlobalSection
	GlobalSection(SolutionProperties) = preSolution
		HideSolutionNode = FALSE
	EndGlobalSection
	GlobalSection(ExtensibilityGlobals) = postSolution
		SolutionGuid = {8420FD36-3F24-49ED-9695-FB17FE4FAED2}
	EndGlobalSection
EndGlobal
