
Microsoft Visual Studio Solution File, Format Version 12.00
# Visual Studio Version 17
VisualStudioVersion = 17.7.34221.43
MinimumVisualStudioVersion = 10.0.40219.1
Project("{FAE04EC0-301F-11D3-BF4B-00C04F79EFBC}") = "Array2", "Array2.csproj", "{1EB36E97-B7CF-4164-A27B-37AE87238749}"
EndProject
Global
	GlobalSection(SolutionConfigurationPlatforms) = preSolution
		Debug|Any CPU = Debug|Any CPU
		Release|Any CPU = Release|Any CPU
	EndGlobalSection
	GlobalSection(ProjectConfigurationPlatforms) = postSolution
		{1EB36E97-B7CF-4164-A27B-37AE87238749}.Debug|Any CPU.ActiveCfg = Debug|Any CPU
		{1EB36E97-B7CF-4164-A27B-37AE87238749}.Debug|Any CPU.Build.0 = Debug|Any CPU
		{1EB36E97-B7CF-4164-A27B-37AE87238749}.Release|Any CPU.ActiveCfg = Release|Any CPU
		{1EB36E97-B7CF-4164-A27B-37AE87238749}.Release|Any CPU.Build.0 = Release|Any CPU
	EndGlobalSection
	GlobalSection(SolutionProperties) = preSolution
		HideSolutionNode = FALSE
	EndGlobalSection
	GlobalSection(ExtensibilityGlobals) = postSolution
		SolutionGuid = {743C2195-B4AC-4C5F-BE29-2E0A05E765F6}
	EndGlobalSection
EndGlobal
