
Microsoft Visual Studio Solution File, Format Version 12.00
# Visual Studio Version 17
VisualStudioVersion = 17.7.34221.43
MinimumVisualStudioVersion = 10.0.40219.1
Project("{FAE04EC0-301F-11D3-BF4B-00C04F79EFBC}") = "MobileProgram", "MobileProgram.csproj", "{B7A90482-0505-4D10-94E4-C4A67FE0AF07}"
EndProject
Global
	GlobalSection(SolutionConfigurationPlatforms) = preSolution
		Debug|Any CPU = Debug|Any CPU
		Release|Any CPU = Release|Any CPU
	EndGlobalSection
	GlobalSection(ProjectConfigurationPlatforms) = postSolution
		{B7A90482-0505-4D10-94E4-C4A67FE0AF07}.Debug|Any CPU.ActiveCfg = Debug|Any CPU
		{B7A90482-0505-4D10-94E4-C4A67FE0AF07}.Debug|Any CPU.Build.0 = Debug|Any CPU
		{B7A90482-0505-4D10-94E4-C4A67FE0AF07}.Release|Any CPU.ActiveCfg = Release|Any CPU
		{B7A90482-0505-4D10-94E4-C4A67FE0AF07}.Release|Any CPU.Build.0 = Release|Any CPU
	EndGlobalSection
	GlobalSection(SolutionProperties) = preSolution
		HideSolutionNode = FALSE
	EndGlobalSection
	GlobalSection(ExtensibilityGlobals) = postSolution
		SolutionGuid = {18072C2F-884C-42E8-85AA-934F042342AE}
	EndGlobalSection
EndGlobal
