
Microsoft Visual Studio Solution File, Format Version 12.00
# Visual Studio Version 17
VisualStudioVersion = 17.7.34221.43
MinimumVisualStudioVersion = 10.0.40219.1
Project("{FAE04EC0-301F-11D3-BF4B-00C04F79EFBC}") = "finderror5", "finderror5.csproj", "{D3E0A58A-ABDE-4AF6-ADC7-FF6A498ED53A}"
EndProject
Global
	GlobalSection(SolutionConfigurationPlatforms) = preSolution
		Debug|Any CPU = Debug|Any CPU
		Release|Any CPU = Release|Any CPU
	EndGlobalSection
	GlobalSection(ProjectConfigurationPlatforms) = postSolution
		{D3E0A58A-ABDE-4AF6-ADC7-FF6A498ED53A}.Debug|Any CPU.ActiveCfg = Debug|Any CPU
		{D3E0A58A-ABDE-4AF6-ADC7-FF6A498ED53A}.Debug|Any CPU.Build.0 = Debug|Any CPU
		{D3E0A58A-ABDE-4AF6-ADC7-FF6A498ED53A}.Release|Any CPU.ActiveCfg = Release|Any CPU
		{D3E0A58A-ABDE-4AF6-ADC7-FF6A498ED53A}.Release|Any CPU.Build.0 = Release|Any CPU
	EndGlobalSection
	GlobalSection(SolutionProperties) = preSolution
		HideSolutionNode = FALSE
	EndGlobalSection
	GlobalSection(ExtensibilityGlobals) = postSolution
		SolutionGuid = {D3BEAE87-5BA0-4D7C-8D51-93A02E53C8C2}
	EndGlobalSection
EndGlobal
