
Microsoft Visual Studio Solution File, Format Version 12.00
# Visual Studio Version 17
VisualStudioVersion = 17.7.34221.43
MinimumVisualStudioVersion = 10.0.40219.1
Project("{FAE04EC0-301F-11D3-BF4B-00C04F79EFBC}") = "BankSystem", "BankSystem.csproj", "{BC94DA06-4C2C-4E4D-AAE0-C9245D7120EF}"
EndProject
Global
	GlobalSection(SolutionConfigurationPlatforms) = preSolution
		Debug|Any CPU = Debug|Any CPU
		Release|Any CPU = Release|Any CPU
	EndGlobalSection
	GlobalSection(ProjectConfigurationPlatforms) = postSolution
		{BC94DA06-4C2C-4E4D-AAE0-C9245D7120EF}.Debug|Any CPU.ActiveCfg = Debug|Any CPU
		{BC94DA06-4C2C-4E4D-AAE0-C9245D7120EF}.Debug|Any CPU.Build.0 = Debug|Any CPU
		{BC94DA06-4C2C-4E4D-AAE0-C9245D7120EF}.Release|Any CPU.ActiveCfg = Release|Any CPU
		{BC94DA06-4C2C-4E4D-AAE0-C9245D7120EF}.Release|Any CPU.Build.0 = Release|Any CPU
	EndGlobalSection
	GlobalSection(SolutionProperties) = preSolution
		HideSolutionNode = FALSE
	EndGlobalSection
	GlobalSection(ExtensibilityGlobals) = postSolution
		SolutionGuid = {E39C02E8-346C-4627-95B2-3D3F35E4E58C}
	EndGlobalSection
EndGlobal
