
Microsoft Visual Studio Solution File, Format Version 12.00
# Visual Studio Version 17
VisualStudioVersion = 17.7.34221.43
MinimumVisualStudioVersion = 10.0.40219.1
Project("{FAE04EC0-301F-11D3-BF4B-00C04F79EFBC}") = "02", "02.csproj", "{D944F3EF-BC93-4C87-AEFA-617A51E48251}"
EndProject
Global
	GlobalSection(SolutionConfigurationPlatforms) = preSolution
		Debug|Any CPU = Debug|Any CPU
		Release|Any CPU = Release|Any CPU
	EndGlobalSection
	GlobalSection(ProjectConfigurationPlatforms) = postSolution
		{D944F3EF-BC93-4C87-AEFA-617A51E48251}.Debug|Any CPU.ActiveCfg = Debug|Any CPU
		{D944F3EF-BC93-4C87-AEFA-617A51E48251}.Debug|Any CPU.Build.0 = Debug|Any CPU
		{D944F3EF-BC93-4C87-AEFA-617A51E48251}.Release|Any CPU.ActiveCfg = Release|Any CPU
		{D944F3EF-BC93-4C87-AEFA-617A51E48251}.Release|Any CPU.Build.0 = Release|Any CPU
	EndGlobalSection
	GlobalSection(SolutionProperties) = preSolution
		HideSolutionNode = FALSE
	EndGlobalSection
	GlobalSection(ExtensibilityGlobals) = postSolution
		SolutionGuid = {20D04A02-0288-44D2-92D9-34D4ABEE93EC}
	EndGlobalSection
EndGlobal
