
Microsoft Visual Studio Solution File, Format Version 12.00
# Visual Studio Version 17
VisualStudioVersion = 17.7.34221.43
MinimumVisualStudioVersion = 10.0.40219.1
Project("{FAE04EC0-301F-11D3-BF4B-00C04F79EFBC}") = "SwitchStatements", "SwitchStatements.csproj", "{6CBA0C11-A6FD-4342-BE9E-2169CBE264CC}"
EndProject
Global
	GlobalSection(SolutionConfigurationPlatforms) = preSolution
		Debug|Any CPU = Debug|Any CPU
		Release|Any CPU = Release|Any CPU
	EndGlobalSection
	GlobalSection(ProjectConfigurationPlatforms) = postSolution
		{6CBA0C11-A6FD-4342-BE9E-2169CBE264CC}.Debug|Any CPU.ActiveCfg = Debug|Any CPU
		{6CBA0C11-A6FD-4342-BE9E-2169CBE264CC}.Debug|Any CPU.Build.0 = Debug|Any CPU
		{6CBA0C11-A6FD-4342-BE9E-2169CBE264CC}.Release|Any CPU.ActiveCfg = Release|Any CPU
		{6CBA0C11-A6FD-4342-BE9E-2169CBE264CC}.Release|Any CPU.Build.0 = Release|Any CPU
	EndGlobalSection
	GlobalSection(SolutionProperties) = preSolution
		HideSolutionNode = FALSE
	EndGlobalSection
	GlobalSection(ExtensibilityGlobals) = postSolution
		SolutionGuid = {6D08BC79-FAC0-4291-B3A3-BE29789FAC05}
	EndGlobalSection
EndGlobal
