
Microsoft Visual Studio Solution File, Format Version 12.00
# Visual Studio Version 17
VisualStudioVersion = 17.7.34221.43
MinimumVisualStudioVersion = 10.0.40219.1
Project("{FAE04EC0-301F-11D3-BF4B-00C04F79EFBC}") = "finderror6", "finderror6.csproj", "{85052A1F-8F20-4DF1-B7A3-D5906307A31E}"
EndProject
Global
	GlobalSection(SolutionConfigurationPlatforms) = preSolution
		Debug|Any CPU = Debug|Any CPU
		Release|Any CPU = Release|Any CPU
	EndGlobalSection
	GlobalSection(ProjectConfigurationPlatforms) = postSolution
		{85052A1F-8F20-4DF1-B7A3-D5906307A31E}.Debug|Any CPU.ActiveCfg = Debug|Any CPU
		{85052A1F-8F20-4DF1-B7A3-D5906307A31E}.Debug|Any CPU.Build.0 = Debug|Any CPU
		{85052A1F-8F20-4DF1-B7A3-D5906307A31E}.Release|Any CPU.ActiveCfg = Release|Any CPU
		{85052A1F-8F20-4DF1-B7A3-D5906307A31E}.Release|Any CPU.Build.0 = Release|Any CPU
	EndGlobalSection
	GlobalSection(SolutionProperties) = preSolution
		HideSolutionNode = FALSE
	EndGlobalSection
	GlobalSection(ExtensibilityGlobals) = postSolution
		SolutionGuid = {466AE422-391E-4D28-A37F-5DE40536427F}
	EndGlobalSection
EndGlobal
