
Microsoft Visual Studio Solution File, Format Version 12.00
# Visual Studio Version 17
VisualStudioVersion = 17.7.34221.43
MinimumVisualStudioVersion = 10.0.40219.1
Project("{FAE04EC0-301F-11D3-BF4B-00C04F79EFBC}") = "repetition3", "repetition3.csproj", "{FAF67467-2890-40AE-B8CE-0B77C004A577}"
EndProject
Global
	GlobalSection(SolutionConfigurationPlatforms) = preSolution
		Debug|Any CPU = Debug|Any CPU
		Release|Any CPU = Release|Any CPU
	EndGlobalSection
	GlobalSection(ProjectConfigurationPlatforms) = postSolution
		{FAF67467-2890-40AE-B8CE-0B77C004A577}.Debug|Any CPU.ActiveCfg = Debug|Any CPU
		{FAF67467-2890-40AE-B8CE-0B77C004A577}.Debug|Any CPU.Build.0 = Debug|Any CPU
		{FAF67467-2890-40AE-B8CE-0B77C004A577}.Release|Any CPU.ActiveCfg = Release|Any CPU
		{FAF67467-2890-40AE-B8CE-0B77C004A577}.Release|Any CPU.Build.0 = Release|Any CPU
	EndGlobalSection
	GlobalSection(SolutionProperties) = preSolution
		HideSolutionNode = FALSE
	EndGlobalSection
	GlobalSection(ExtensibilityGlobals) = postSolution
		SolutionGuid = {7CC78464-6B14-495F-B097-D24D6037FB07}
	EndGlobalSection
EndGlobal
