
Microsoft Visual Studio Solution File, Format Version 12.00
# Visual Studio Version 17
VisualStudioVersion = 17.7.34221.43
MinimumVisualStudioVersion = 10.0.40219.1
Project("{FAE04EC0-301F-11D3-BF4B-00C04F79EFBC}") = "DoCasting", "DoCasting.csproj", "{364B4FB5-35E4-4264-8509-9221A1AD4524}"
EndProject
Global
	GlobalSection(SolutionConfigurationPlatforms) = preSolution
		Debug|Any CPU = Debug|Any CPU
		Release|Any CPU = Release|Any CPU
	EndGlobalSection
	GlobalSection(ProjectConfigurationPlatforms) = postSolution
		{364B4FB5-35E4-4264-8509-9221A1AD4524}.Debug|Any CPU.ActiveCfg = Debug|Any CPU
		{364B4FB5-35E4-4264-8509-9221A1AD4524}.Debug|Any CPU.Build.0 = Debug|Any CPU
		{364B4FB5-35E4-4264-8509-9221A1AD4524}.Release|Any CPU.ActiveCfg = Release|Any CPU
		{364B4FB5-35E4-4264-8509-9221A1AD4524}.Release|Any CPU.Build.0 = Release|Any CPU
	EndGlobalSection
	GlobalSection(SolutionProperties) = preSolution
		HideSolutionNode = FALSE
	EndGlobalSection
	GlobalSection(ExtensibilityGlobals) = postSolution
		SolutionGuid = {C1FD02CB-22D5-41F6-9B08-6B9DABB7BB6A}
	EndGlobalSection
EndGlobal
