
Microsoft Visual Studio Solution File, Format Version 12.00
# Visual Studio Version 17
VisualStudioVersion = 17.7.34221.43
MinimumVisualStudioVersion = 10.0.40219.1
Project("{FAE04EC0-301F-11D3-BF4B-00C04F79EFBC}") = "GuessingNumber", "GuessingNumber.csproj", "{C55F637E-50D6-48B3-9E9B-C463004CD02F}"
EndProject
Global
	GlobalSection(SolutionConfigurationPlatforms) = preSolution
		Debug|Any CPU = Debug|Any CPU
		Release|Any CPU = Release|Any CPU
	EndGlobalSection
	GlobalSection(ProjectConfigurationPlatforms) = postSolution
		{C55F637E-50D6-48B3-9E9B-C463004CD02F}.Debug|Any CPU.ActiveCfg = Debug|Any CPU
		{C55F637E-50D6-48B3-9E9B-C463004CD02F}.Debug|Any CPU.Build.0 = Debug|Any CPU
		{C55F637E-50D6-48B3-9E9B-C463004CD02F}.Release|Any CPU.ActiveCfg = Release|Any CPU
		{C55F637E-50D6-48B3-9E9B-C463004CD02F}.Release|Any CPU.Build.0 = Release|Any CPU
	EndGlobalSection
	GlobalSection(SolutionProperties) = preSolution
		HideSolutionNode = FALSE
	EndGlobalSection
	GlobalSection(ExtensibilityGlobals) = postSolution
		SolutionGuid = {A663A3D3-9C44-43C7-A0C3-71D914D5D2D4}
	EndGlobalSection
EndGlobal
