
Microsoft Visual Studio Solution File, Format Version 12.00
# Visual Studio Version 17
VisualStudioVersion = 17.7.34221.43
MinimumVisualStudioVersion = 10.0.40219.1
Project("{FAE04EC0-301F-11D3-BF4B-00C04F79EFBC}") = "Array4", "Array4.csproj", "{67C109DA-3AFE-4EB7-86E1-7A61FE18254B}"
EndProject
Global
	GlobalSection(SolutionConfigurationPlatforms) = preSolution
		Debug|Any CPU = Debug|Any CPU
		Release|Any CPU = Release|Any CPU
	EndGlobalSection
	GlobalSection(ProjectConfigurationPlatforms) = postSolution
		{67C109DA-3AFE-4EB7-86E1-7A61FE18254B}.Debug|Any CPU.ActiveCfg = Debug|Any CPU
		{67C109DA-3AFE-4EB7-86E1-7A61FE18254B}.Debug|Any CPU.Build.0 = Debug|Any CPU
		{67C109DA-3AFE-4EB7-86E1-7A61FE18254B}.Release|Any CPU.ActiveCfg = Release|Any CPU
		{67C109DA-3AFE-4EB7-86E1-7A61FE18254B}.Release|Any CPU.Build.0 = Release|Any CPU
	EndGlobalSection
	GlobalSection(SolutionProperties) = preSolution
		HideSolutionNode = FALSE
	EndGlobalSection
	GlobalSection(ExtensibilityGlobals) = postSolution
		SolutionGuid = {5FC55C58-AA9F-482E-8636-202852A01CE2}
	EndGlobalSection
EndGlobal
