
Microsoft Visual Studio Solution File, Format Version 12.00
# Visual Studio Version 17
VisualStudioVersion = 17.7.34221.43
MinimumVisualStudioVersion = 10.0.40219.1
Project("{FAE04EC0-301F-11D3-BF4B-00C04F79EFBC}") = "FindError2", "FindError2.csproj", "{02871E5D-8979-4067-8532-185647EB3FAF}"
EndProject
Global
	GlobalSection(SolutionConfigurationPlatforms) = preSolution
		Debug|Any CPU = Debug|Any CPU
		Release|Any CPU = Release|Any CPU
	EndGlobalSection
	GlobalSection(ProjectConfigurationPlatforms) = postSolution
		{02871E5D-8979-4067-8532-185647EB3FAF}.Debug|Any CPU.ActiveCfg = Debug|Any CPU
		{02871E5D-8979-4067-8532-185647EB3FAF}.Debug|Any CPU.Build.0 = Debug|Any CPU
		{02871E5D-8979-4067-8532-185647EB3FAF}.Release|Any CPU.ActiveCfg = Release|Any CPU
		{02871E5D-8979-4067-8532-185647EB3FAF}.Release|Any CPU.Build.0 = Release|Any CPU
	EndGlobalSection
	GlobalSection(SolutionProperties) = preSolution
		HideSolutionNode = FALSE
	EndGlobalSection
	GlobalSection(ExtensibilityGlobals) = postSolution
		SolutionGuid = {F3D21EA0-8909-4526-B2A7-02FFC6905AA2}
	EndGlobalSection
EndGlobal
