
Microsoft Visual Studio Solution File, Format Version 12.00
# Visual Studio Version 17
VisualStudioVersion = 17.7.34221.43
MinimumVisualStudioVersion = 10.0.40219.1
Project("{FAE04EC0-301F-11D3-BF4B-00C04F79EFBC}") = "BucketSort", "BucketSort.csproj", "{BF5B8524-D9EB-4453-A3D1-713DDD78CB5A}"
EndProject
Global
	GlobalSection(SolutionConfigurationPlatforms) = preSolution
		Debug|Any CPU = Debug|Any CPU
		Release|Any CPU = Release|Any CPU
	EndGlobalSection
	GlobalSection(ProjectConfigurationPlatforms) = postSolution
		{BF5B8524-D9EB-4453-A3D1-713DDD78CB5A}.Debug|Any CPU.ActiveCfg = Debug|Any CPU
		{BF5B8524-D9EB-4453-A3D1-713DDD78CB5A}.Debug|Any CPU.Build.0 = Debug|Any CPU
		{BF5B8524-D9EB-4453-A3D1-713DDD78CB5A}.Release|Any CPU.ActiveCfg = Release|Any CPU
		{BF5B8524-D9EB-4453-A3D1-713DDD78CB5A}.Release|Any CPU.Build.0 = Release|Any CPU
	EndGlobalSection
	GlobalSection(SolutionProperties) = preSolution
		HideSolutionNode = FALSE
	EndGlobalSection
	GlobalSection(ExtensibilityGlobals) = postSolution
		SolutionGuid = {AC7ED093-2B8E-4641-B795-C4C4AC6C92B6}
	EndGlobalSection
EndGlobal
