
Microsoft Visual Studio Solution File, Format Version 12.00
# Visual Studio Version 17
VisualStudioVersion = 17.7.34221.43
MinimumVisualStudioVersion = 10.0.40219.1
Project("{FAE04EC0-301F-11D3-BF4B-00C04F79EFBC}") = "FindOutput1", "FindOutput1.csproj", "{9FF6C706-E3C7-4FD1-9E22-F2953DA57017}"
EndProject
Global
	GlobalSection(SolutionConfigurationPlatforms) = preSolution
		Debug|Any CPU = Debug|Any CPU
		Release|Any CPU = Release|Any CPU
	EndGlobalSection
	GlobalSection(ProjectConfigurationPlatforms) = postSolution
		{9FF6C706-E3C7-4FD1-9E22-F2953DA57017}.Debug|Any CPU.ActiveCfg = Debug|Any CPU
		{9FF6C706-E3C7-4FD1-9E22-F2953DA57017}.Debug|Any CPU.Build.0 = Debug|Any CPU
		{9FF6C706-E3C7-4FD1-9E22-F2953DA57017}.Release|Any CPU.ActiveCfg = Release|Any CPU
		{9FF6C706-E3C7-4FD1-9E22-F2953DA57017}.Release|Any CPU.Build.0 = Release|Any CPU
	EndGlobalSection
	GlobalSection(SolutionProperties) = preSolution
		HideSolutionNode = FALSE
	EndGlobalSection
	GlobalSection(ExtensibilityGlobals) = postSolution
		SolutionGuid = {D581C897-D043-4D81-BC5C-D9879E9266C8}
	EndGlobalSection
EndGlobal
